
Microsoft Visual Studio Solution File, Format Version 12.00
# Visual Studio Version 17
VisualStudioVersion = 17.14.36717.8 d17.14
MinimumVisualStudioVersion = 10.0.40219.1
Project("{FAE04EC0-301F-11D3-BF4B-00C04F79EFBC}") = "Garage 2.0", "Garage 2.0\Garage 2.0.csproj", "{2C530F32-1414-48A8-9981-2BDE5C054666}"
EndProject
Global
	GlobalSection(SolutionConfigurationPlatforms) = preSolution
		Debug|Any CPU = Debug|Any CPU
		Release|Any CPU = Release|Any CPU
	EndGlobalSection
	GlobalSection(ProjectConfigurationPlatforms) = postSolution
		{2C530F32-1414-48A8-9981-2BDE5C054666}.Debug|Any CPU.ActiveCfg = Debug|Any CPU
		{2C530F32-1414-48A8-9981-2BDE5C054666}.Debug|Any CPU.Build.0 = Debug|Any CPU
		{2C530F32-1414-48A8-9981-2BDE5C054666}.Release|Any CPU.ActiveCfg = Release|Any CPU
		{2C530F32-1414-48A8-9981-2BDE5C054666}.Release|Any CPU.Build.0 = Release|Any CPU
	EndGlobalSection
	GlobalSection(SolutionProperties) = preSolution
		HideSolutionNode = FALSE
	EndGlobalSection
	GlobalSection(ExtensibilityGlobals) = postSolution
		SolutionGuid = {C1A9AD03-2AC3-4E62-A09F-461A90DEE5A5}
	EndGlobalSection
EndGlobal
